// !$*UTF8*$!
{
	archiveVersion = 1;
	classes = {
	};
	objectVersion = 50;
	objects = {

/* Begin PBXBuildFile section */
		A5A3312E2692DFDC002F2D74 /* Tests_iOS.swift in Sources */ = {isa = PBXBuildFile; fileRef = A5A3312D2692DFDC002F2D74 /* Tests_iOS.swift */; };
		A5A331392692DFDD002F2D74 /* Tests_macOS.swift in Sources */ = {isa = PBXBuildFile; fileRef = A5A331382692DFDD002F2D74 /* Tests_macOS.swift */; };
		A5A3313B2692DFDD002F2D74 /* TRTakeHomeApp.swift in Sources */ = {isa = PBXBuildFile; fileRef = A5A331122692DFDB002F2D74 /* TRTakeHomeApp.swift */; };
		A5A3313C2692DFDD002F2D74 /* TRTakeHomeApp.swift in Sources */ = {isa = PBXBuildFile; fileRef = A5A331122692DFDB002F2D74 /* TRTakeHomeApp.swift */; };
		A5A3313D2692DFDD002F2D74 /* ContentView.swift in Sources */ = {isa = PBXBuildFile; fileRef = A5A331132692DFDB002F2D74 /* ContentView.swift */; };
		A5A3313E2692DFDD002F2D74 /* ContentView.swift in Sources */ = {isa = PBXBuildFile; fileRef = A5A331132692DFDB002F2D74 /* ContentView.swift */; };
		A5A3313F2692DFDD002F2D74 /* Assets.xcassets in Resources */ = {isa = PBXBuildFile; fileRef = A5A331142692DFDC002F2D74 /* Assets.xcassets */; };
		A5A331402692DFDD002F2D74 /* Assets.xcassets in Resources */ = {isa = PBXBuildFile; fileRef = A5A331142692DFDC002F2D74 /* Assets.xcassets */; };
		A5A331502692E216002F2D74 /* TRQueryResponse.swift in Sources */ = {isa = PBXBuildFile; fileRef = A5A3314F2692E216002F2D74 /* TRQueryResponse.swift */; };
		A5A331512692E216002F2D74 /* TRQueryResponse.swift in Sources */ = {isa = PBXBuildFile; fileRef = A5A3314F2692E216002F2D74 /* TRQueryResponse.swift */; };
/* End PBXBuildFile section */

/* Begin PBXContainerItemProxy section */
		A5A3312A2692DFDC002F2D74 /* PBXContainerItemProxy */ = {
			isa = PBXContainerItemProxy;
			containerPortal = A5A3310D2692DFDA002F2D74 /* Project object */;
			proxyType = 1;
			remoteGlobalIDString = A5A331182692DFDC002F2D74;
			remoteInfo = "TRTakeHome (iOS)";
		};
		A5A331352692DFDD002F2D74 /* PBXContainerItemProxy */ = {
			isa = PBXContainerItemProxy;
			containerPortal = A5A3310D2692DFDA002F2D74 /* Project object */;
			proxyType = 1;
			remoteGlobalIDString = A5A331202692DFDC002F2D74;
			remoteInfo = "TRTakeHome (macOS)";
		};
/* End PBXContainerItemProxy section */

/* Begin PBXFileReference section */
		A5A331122692DFDB002F2D74 /* TRTakeHomeApp.swift */ = {isa = PBXFileReference; lastKnownFileType = sourcecode.swift; path = TRTakeHomeApp.swift; sourceTree = "<group>"; };
		A5A331132692DFDB002F2D74 /* ContentView.swift */ = {isa = PBXFileReference; lastKnownFileType = sourcecode.swift; path = ContentView.swift; sourceTree = "<group>"; };
		A5A331142692DFDC002F2D74 /* Assets.xcassets */ = {isa = PBXFileReference; lastKnownFileType = folder.assetcatalog; path = Assets.xcassets; sourceTree = "<group>"; };
		A5A331192692DFDC002F2D74 /* TRTakeHome.app */ = {isa = PBXFileReference; explicitFileType = wrapper.application; includeInIndex = 0; path = TRTakeHome.app; sourceTree = BUILT_PRODUCTS_DIR; };
		A5A3311C2692DFDC002F2D74 /* Info.plist */ = {isa = PBXFileReference; lastKnownFileType = text.plist.xml; path = Info.plist; sourceTree = "<group>"; };
		A5A331212692DFDC002F2D74 /* TRTakeHome.app */ = {isa = PBXFileReference; explicitFileType = wrapper.application; includeInIndex = 0; path = TRTakeHome.app; sourceTree = BUILT_PRODUCTS_DIR; };
		A5A331232692DFDC002F2D74 /* Info.plist */ = {isa = PBXFileReference; lastKnownFileType = text.plist.xml; path = Info.plist; sourceTree = "<group>"; };
		A5A331242692DFDC002F2D74 /* macOS.entitlements */ = {isa = PBXFileReference; lastKnownFileType = text.plist.entitlements; path = macOS.entitlements; sourceTree = "<group>"; };
		A5A331292692DFDC002F2D74 /* Tests iOS.xctest */ = {isa = PBXFileReference; explicitFileType = wrapper.cfbundle; includeInIndex = 0; path = "Tests iOS.xctest"; sourceTree = BUILT_PRODUCTS_DIR; };
		A5A3312D2692DFDC002F2D74 /* Tests_iOS.swift */ = {isa = PBXFileReference; lastKnownFileType = sourcecode.swift; path = Tests_iOS.swift; sourceTree = "<group>"; };
		A5A3312F2692DFDC002F2D74 /* Info.plist */ = {isa = PBXFileReference; lastKnownFileType = text.plist.xml; path = Info.plist; sourceTree = "<group>"; };
		A5A331342692DFDD002F2D74 /* Tests macOS.xctest */ = {isa = PBXFileReference; explicitFileType = wrapper.cfbundle; includeInIndex = 0; path = "Tests macOS.xctest"; sourceTree = BUILT_PRODUCTS_DIR; };
		A5A331382692DFDD002F2D74 /* Tests_macOS.swift */ = {isa = PBXFileReference; lastKnownFileType = sourcecode.swift; path = Tests_macOS.swift; sourceTree = "<group>"; };
		A5A3313A2692DFDD002F2D74 /* Info.plist */ = {isa = PBXFileReference; lastKnownFileType = text.plist.xml; path = Info.plist; sourceTree = "<group>"; };
		A5A3314F2692E216002F2D74 /* TRQueryResponse.swift */ = {isa = PBXFileReference; lastKnownFileType = sourcecode.swift; path = TRQueryResponse.swift; sourceTree = "<group>"; };
/* End PBXFileReference section */

/* Begin PBXFrameworksBuildPhase section */
		A5A331162692DFDC002F2D74 /* Frameworks */ = {
			isa = PBXFrameworksBuildPhase;
			buildActionMask = 2147483647;
			files = (
			);
			runOnlyForDeploymentPostprocessing = 0;
		};
		A5A3311E2692DFDC002F2D74 /* Frameworks */ = {
			isa = PBXFrameworksBuildPhase;
			buildActionMask = 2147483647;
			files = (
			);
			runOnlyForDeploymentPostprocessing = 0;
		};
		A5A331262692DFDC002F2D74 /* Frameworks */ = {
			isa = PBXFrameworksBuildPhase;
			buildActionMask = 2147483647;
			files = (
			);
			runOnlyForDeploymentPostprocessing = 0;
		};
		A5A331312692DFDD002F2D74 /* Frameworks */ = {
			isa = PBXFrameworksBuildPhase;
			buildActionMask = 2147483647;
			files = (
			);
			runOnlyForDeploymentPostprocessing = 0;
		};
/* End PBXFrameworksBuildPhase section */

/* Begin PBXGroup section */
		A5A3310C2692DFDA002F2D74 = {
			isa = PBXGroup;
			children = (
				A5A331112692DFDB002F2D74 /* Shared */,
				A5A3311B2692DFDC002F2D74 /* iOS */,
				A5A331222692DFDC002F2D74 /* macOS */,
				A5A3312C2692DFDC002F2D74 /* Tests iOS */,
				A5A331372692DFDD002F2D74 /* Tests macOS */,
				A5A3311A2692DFDC002F2D74 /* Products */,
			);
			sourceTree = "<group>";
		};
		A5A331112692DFDB002F2D74 /* Shared */ = {
			isa = PBXGroup;
			children = (
				A5A331122692DFDB002F2D74 /* TRTakeHomeApp.swift */,
				A5A331132692DFDB002F2D74 /* ContentView.swift */,
				A5A331142692DFDC002F2D74 /* Assets.xcassets */,
				A5A3314F2692E216002F2D74 /* TRQueryResponse.swift */,
			);
			path = Shared;
			sourceTree = "<group>";
		};
		A5A3311A2692DFDC002F2D74 /* Products */ = {
			isa = PBXGroup;
			children = (
				A5A331192692DFDC002F2D74 /* TRTakeHome.app */,
				A5A331212692DFDC002F2D74 /* TRTakeHome.app */,
				A5A331292692DFDC002F2D74 /* Tests iOS.xctest */,
				A5A331342692DFDD002F2D74 /* Tests macOS.xctest */,
			);
			name = Products;
			sourceTree = "<group>";
		};
		A5A3311B2692DFDC002F2D74 /* iOS */ = {
			isa = PBXGroup;
			children = (
				A5A3311C2692DFDC002F2D74 /* Info.plist */,
			);
			path = iOS;
			sourceTree = "<group>";
		};
		A5A331222692DFDC002F2D74 /* macOS */ = {
			isa = PBXGroup;
			children = (
				A5A331232692DFDC002F2D74 /* Info.plist */,
				A5A331242692DFDC002F2D74 /* macOS.entitlements */,
			);
			path = macOS;
			sourceTree = "<group>";
		};
		A5A3312C2692DFDC002F2D74 /* Tests iOS */ = {
			isa = PBXGroup;
			children = (
				A5A3312D2692DFDC002F2D74 /* Tests_iOS.swift */,
				A5A3312F2692DFDC002F2D74 /* Info.plist */,
			);
			path = "Tests iOS";
			sourceTree = "<group>";
		};
		A5A331372692DFDD002F2D74 /* Tests macOS */ = {
			isa = PBXGroup;
			children = (
				A5A331382692DFDD002F2D74 /* Tests_macOS.swift */,
				A5A3313A2692DFDD002F2D74 /* Info.plist */,
			);
			path = "Tests macOS";
			sourceTree = "<group>";
		};
/* End PBXGroup section */

/* Begin PBXNativeTarget section */
		A5A331182692DFDC002F2D74 /* TRTakeHome (iOS) */ = {
			isa = PBXNativeTarget;
			buildConfigurationList = A5A331432692DFDD002F2D74 /* Build configuration list for PBXNativeTarget "TRTakeHome (iOS)" */;
			buildPhases = (
				A5A331152692DFDC002F2D74 /* Sources */,
				A5A331162692DFDC002F2D74 /* Frameworks */,
				A5A331172692DFDC002F2D74 /* Resources */,
			);
			buildRules = (
			);
			dependencies = (
			);
			name = "TRTakeHome (iOS)";
			productName = "TRTakeHome (iOS)";
			productReference = A5A331192692DFDC002F2D74 /* TRTakeHome.app */;
			productType = "com.apple.product-type.application";
		};
		A5A331202692DFDC002F2D74 /* TRTakeHome (macOS) */ = {
			isa = PBXNativeTarget;
			buildConfigurationList = A5A331462692DFDD002F2D74 /* Build configuration list for PBXNativeTarget "TRTakeHome (macOS)" */;
			buildPhases = (
				A5A3311D2692DFDC002F2D74 /* Sources */,
				A5A3311E2692DFDC002F2D74 /* Frameworks */,
				A5A3311F2692DFDC002F2D74 /* Resources */,
			);
			buildRules = (
			);
			dependencies = (
			);
			name = "TRTakeHome (macOS)";
			productName = "TRTakeHome (macOS)";
			productReference = A5A331212692DFDC002F2D74 /* TRTakeHome.app */;
			productType = "com.apple.product-type.application";
		};
		A5A331282692DFDC002F2D74 /* Tests iOS */ = {
			isa = PBXNativeTarget;
			buildConfigurationList = A5A331492692DFDD002F2D74 /* Build configuration list for PBXNativeTarget "Tests iOS" */;
			buildPhases = (
				A5A331252692DFDC002F2D74 /* Sources */,
				A5A331262692DFDC002F2D74 /* Frameworks */,
				A5A331272692DFDC002F2D74 /* Resources */,
			);
			buildRules = (
			);
			dependencies = (
				A5A3312B2692DFDC002F2D74 /* PBXTargetDependency */,
			);
			name = "Tests iOS";
			productName = "Tests iOS";
			productReference = A5A331292692DFDC002F2D74 /* Tests iOS.xctest */;
			productType = "com.apple.product-type.bundle.ui-testing";
		};
		A5A331332692DFDD002F2D74 /* Tests macOS */ = {
			isa = PBXNativeTarget;
			buildConfigurationList = A5A3314C2692DFDD002F2D74 /* Build configuration list for PBXNativeTarget "Tests macOS" */;
			buildPhases = (
				A5A331302692DFDD002F2D74 /* Sources */,
				A5A331312692DFDD002F2D74 /* Frameworks */,
				A5A331322692DFDD002F2D74 /* Resources */,
			);
			buildRules = (
			);
			dependencies = (
				A5A331362692DFDD002F2D74 /* PBXTargetDependency */,
			);
			name = "Tests macOS";
			productName = "Tests macOS";
			productReference = A5A331342692DFDD002F2D74 /* Tests macOS.xctest */;
			productType = "com.apple.product-type.bundle.ui-testing";
		};
/* End PBXNativeTarget section */

/* Begin PBXProject section */
		A5A3310D2692DFDA002F2D74 /* Project object */ = {
			isa = PBXProject;
			attributes = {
				LastSwiftUpdateCheck = 1250;
				LastUpgradeCheck = 1250;
				TargetAttributes = {
					A5A331182692DFDC002F2D74 = {
						CreatedOnToolsVersion = 12.5.1;
					};
					A5A331202692DFDC002F2D74 = {
						CreatedOnToolsVersion = 12.5.1;
					};
					A5A331282692DFDC002F2D74 = {
						CreatedOnToolsVersion = 12.5.1;
						TestTargetID = A5A331182692DFDC002F2D74;
					};
					A5A331332692DFDD002F2D74 = {
						CreatedOnToolsVersion = 12.5.1;
						TestTargetID = A5A331202692DFDC002F2D74;
					};
				};
			};
			buildConfigurationList = A5A331102692DFDA002F2D74 /* Build configuration list for PBXProject "TRTakeHome" */;
			compatibilityVersion = "Xcode 9.3";
			developmentRegion = en;
			hasScannedForEncodings = 0;
			knownRegions = (
				en,
				Base,
			);
			mainGroup = A5A3310C2692DFDA002F2D74;
			productRefGroup = A5A3311A2692DFDC002F2D74 /* Products */;
			projectDirPath = "";
			projectRoot = "";
			targets = (
				A5A331182692DFDC002F2D74 /* TRTakeHome (iOS) */,
				A5A331202692DFDC002F2D74 /* TRTakeHome (macOS) */,
				A5A331282692DFDC002F2D74 /* Tests iOS */,
				A5A331332692DFDD002F2D74 /* Tests macOS */,
			);
		};
/* End PBXProject section */

/* Begin PBXResourcesBuildPhase section */
		A5A331172692DFDC002F2D74 /* Resources */ = {
			isa = PBXResourcesBuildPhase;
			buildActionMask = 2147483647;
			files = (
				A5A3313F2692DFDD002F2D74 /* Assets.xcassets in Resources */,
			);
			runOnlyForDeploymentPostprocessing = 0;
		};
		A5A3311F2692DFDC002F2D74 /* Resources */ = {
			isa = PBXResourcesBuildPhase;
			buildActionMask = 2147483647;
			files = (
				A5A331402692DFDD002F2D74 /* Assets.xcassets in Resources */,
			);
			runOnlyForDeploymentPostprocessing = 0;
		};
		A5A331272692DFDC002F2D74 /* Resources */ = {
			isa = PBXResourcesBuildPhase;
			buildActionMask = 2147483647;
			files = (
			);
			runOnlyForDeploymentPostprocessing = 0;
		};
		A5A331322692DFDD002F2D74 /* Resources */ = {
			isa = PBXResourcesBuildPhase;
			buildActionMask = 2147483647;
			files = (
			);
			runOnlyForDeploymentPostprocessing = 0;
		};
/* End PBXResourcesBuildPhase section */

/* Begin PBXSourcesBuildPhase section */
		A5A331152692DFDC002F2D74 /* Sources */ = {
			isa = PBXSourcesBuildPhase;
			buildActionMask = 2147483647;
			files = (
				A5A3313D2692DFDD002F2D74 /* ContentView.swift in Sources */,
				A5A331502692E216002F2D74 /* TRQueryResponse.swift in Sources */,
				A5A3313B2692DFDD002F2D74 /* TRTakeHomeApp.swift in Sources */,
			);
			runOnlyForDeploymentPostprocessing = 0;
		};
		A5A3311D2692DFDC002F2D74 /* Sources */ = {
			isa = PBXSourcesBuildPhase;
			buildActionMask = 2147483647;
			files = (
				A5A3313E2692DFDD002F2D74 /* ContentView.swift in Sources */,
				A5A331512692E216002F2D74 /* TRQueryResponse.swift in Sources */,
				A5A3313C2692DFDD002F2D74 /* TRTakeHomeApp.swift in Sources */,
			);
			runOnlyForDeploymentPostprocessing = 0;
		};
		A5A331252692DFDC002F2D74 /* Sources */ = {
			isa = PBXSourcesBuildPhase;
			buildActionMask = 2147483647;
			files = (
				A5A3312E2692DFDC002F2D74 /* Tests_iOS.swift in Sources */,
			);
			runOnlyForDeploymentPostprocessing = 0;
		};
		A5A331302692DFDD002F2D74 /* Sources */ = {
			isa = PBXSourcesBuildPhase;
			buildActionMask = 2147483647;
			files = (
				A5A331392692DFDD002F2D74 /* Tests_macOS.swift in Sources */,
			);
			runOnlyForDeploymentPostprocessing = 0;
		};
/* End PBXSourcesBuildPhase section */

/* Begin PBXTargetDependency section */
		A5A3312B2692DFDC002F2D74 /* PBXTargetDependency */ = {
			isa = PBXTargetDependency;
			target = A5A331182692DFDC002F2D74 /* TRTakeHome (iOS) */;
			targetProxy = A5A3312A2692DFDC002F2D74 /* PBXContainerItemProxy */;
		};
		A5A331362692DFDD002F2D74 /* PBXTargetDependency */ = {
			isa = PBXTargetDependency;
			target = A5A331202692DFDC002F2D74 /* TRTakeHome (macOS) */;
			targetProxy = A5A331352692DFDD002F2D74 /* PBXContainerItemProxy */;
		};
/* End PBXTargetDependency section */

/* Begin XCBuildConfiguration section */
		A5A331412692DFDD002F2D74 /* Debug */ = {
			isa = XCBuildConfiguration;
			buildSettings = {
				ALWAYS_SEARCH_USER_PATHS = NO;
				CLANG_ANALYZER_NONNULL = YES;
				CLANG_ANALYZER_NUMBER_OBJECT_CONVERSION = YES_AGGRESSIVE;
				CLANG_CXX_LANGUAGE_STANDARD = "gnu++14";
				CLANG_CXX_LIBRARY = "libc++";
				CLANG_ENABLE_MODULES = YES;
				CLANG_ENABLE_OBJC_ARC = YES;
				CLANG_ENABLE_OBJC_WEAK = YES;
				CLANG_WARN_BLOCK_CAPTURE_AUTORELEASING = YES;
				CLANG_WARN_BOOL_CONVERSION = YES;
				CLANG_WARN_COMMA = YES;
				CLANG_WARN_CONSTANT_CONVERSION = YES;
				CLANG_WARN_DEPRECATED_OBJC_IMPLEMENTATIONS = YES;
				CLANG_WARN_DIRECT_OBJC_ISA_USAGE = YES_ERROR;
				CLANG_WARN_DOCUMENTATION_COMMENTS = YES;
				CLANG_WARN_EMPTY_BODY = YES;
				CLANG_WARN_ENUM_CONVERSION = YES;
				CLANG_WARN_INFINITE_RECURSION = YES;
				CLANG_WARN_INT_CONVERSION = YES;
				CLANG_WARN_NON_LITERAL_NULL_CONVERSION = YES;
				CLANG_WARN_OBJC_IMPLICIT_RETAIN_SELF = YES;
				CLANG_WARN_OBJC_LITERAL_CONVERSION = YES;
				CLANG_WARN_OBJC_ROOT_CLASS = YES_ERROR;
				CLANG_WARN_QUOTED_INCLUDE_IN_FRAMEWORK_HEADER = YES;
				CLANG_WARN_RANGE_LOOP_ANALYSIS = YES;
				CLANG_WARN_STRICT_PROTOTYPES = YES;
				CLANG_WARN_SUSPICIOUS_MOVE = YES;
				CLANG_WARN_UNGUARDED_AVAILABILITY = YES_AGGRESSIVE;
				CLANG_WARN_UNREACHABLE_CODE = YES;
				CLANG_WARN__DUPLICATE_METHOD_MATCH = YES;
				COPY_PHASE_STRIP = NO;
				DEBUG_INFORMATION_FORMAT = dwarf;
				ENABLE_STRICT_OBJC_MSGSEND = YES;
				ENABLE_TESTABILITY = YES;
				GCC_C_LANGUAGE_STANDARD = gnu11;
				GCC_DYNAMIC_NO_PIC = NO;
				GCC_NO_COMMON_BLOCKS = YES;
				GCC_OPTIMIZATION_LEVEL = 0;
				GCC_PREPROCESSOR_DEFINITIONS = (
					"DEBUG=1",
					"$(inherited)",
				);
				GCC_WARN_64_TO_32_BIT_CONVERSION = YES;
				GCC_WARN_ABOUT_RETURN_TYPE = YES_ERROR;
				GCC_WARN_UNDECLARED_SELECTOR = YES;
				GCC_WARN_UNINITIALIZED_AUTOS = YES_AGGRESSIVE;
				GCC_WARN_UNUSED_FUNCTION = YES;
				GCC_WARN_UNUSED_VARIABLE = YES;
				MTL_ENABLE_DEBUG_INFO = INCLUDE_SOURCE;
				MTL_FAST_MATH = YES;
				ONLY_ACTIVE_ARCH = YES;
				SWIFT_ACTIVE_COMPILATION_CONDITIONS = DEBUG;
				SWIFT_OPTIMIZATION_LEVEL = "-Onone";
			};
			name = Debug;
		};
		A5A331422692DFDD002F2D74 /* Release */ = {
			isa = XCBuildConfiguration;
			buildSettings = {
				ALWAYS_SEARCH_USER_PATHS = NO;
				CLANG_ANALYZER_NONNULL = YES;
				CLANG_ANALYZER_NUMBER_OBJECT_CONVERSION = YES_AGGRESSIVE;
				CLANG_CXX_LANGUAGE_STANDARD = "gnu++14";
				CLANG_CXX_LIBRARY = "libc++";
				CLANG_ENABLE_MODULES = YES;
				CLANG_ENABLE_OBJC_ARC = YES;
				CLANG_ENABLE_OBJC_WEAK = YES;
				CLANG_WARN_BLOCK_CAPTURE_AUTORELEASING = YES;
				CLANG_WARN_BOOL_CONVERSION = YES;
				CLANG_WARN_COMMA = YES;
				CLANG_WARN_CONSTANT_CONVERSION = YES;
				CLANG_WARN_DEPRECATED_OBJC_IMPLEMENTATIONS = YES;
				CLANG_WARN_DIRECT_OBJC_ISA_USAGE = YES_ERROR;
				CLANG_WARN_DOCUMENTATION_COMMENTS = YES;
				CLANG_WARN_EMPTY_BODY = YES;
				CLANG_WARN_ENUM_CONVERSION = YES;
				CLANG_WARN_INFINITE_RECURSION = YES;
				CLANG_WARN_INT_CONVERSION = YES;
				CLANG_WARN_NON_LITERAL_NULL_CONVERSION = YES;
				CLANG_WARN_OBJC_IMPLICIT_RETAIN_SELF = YES;
				CLANG_WARN_OBJC_LITERAL_CONVERSION = YES;
				CLANG_WARN_OBJC_ROOT_CLASS = YES_ERROR;
				CLANG_WARN_QUOTED_INCLUDE_IN_FRAMEWORK_HEADER = YES;
				CLANG_WARN_RANGE_LOOP_ANALYSIS = YES;
				CLANG_WARN_STRICT_PROTOTYPES = YES;
				CLANG_WARN_SUSPICIOUS_MOVE = YES;
				CLANG_WARN_UNGUARDED_AVAILABILITY = YES_AGGRESSIVE;
				CLANG_WARN_UNREACHABLE_CODE = YES;
				CLANG_WARN__DUPLICATE_METHOD_MATCH = YES;
				COPY_PHASE_STRIP = NO;
				DEBUG_INFORMATION_FORMAT = "dwarf-with-dsym";
				ENABLE_NS_ASSERTIONS = NO;
				ENABLE_STRICT_OBJC_MSGSEND = YES;
				GCC_C_LANGUAGE_STANDARD = gnu11;
				GCC_NO_COMMON_BLOCKS = YES;
				GCC_WARN_64_TO_32_BIT_CONVERSION = YES;
				GCC_WARN_ABOUT_RETURN_TYPE = YES_ERROR;
				GCC_WARN_UNDECLARED_SELECTOR = YES;
				GCC_WARN_UNINITIALIZED_AUTOS = YES_AGGRESSIVE;
				GCC_WARN_UNUSED_FUNCTION = YES;
				GCC_WARN_UNUSED_VARIABLE = YES;
				MTL_ENABLE_DEBUG_INFO = NO;
				MTL_FAST_MATH = YES;
				SWIFT_COMPILATION_MODE = wholemodule;
				SWIFT_OPTIMIZATION_LEVEL = "-O";
			};
			name = Release;
		};
		A5A331442692DFDD002F2D74 /* Debug */ = {
			isa = XCBuildConfiguration;
			buildSettings = {
				ASSETCATALOG_COMPILER_APPICON_NAME = AppIcon;
				ASSETCATALOG_COMPILER_GLOBAL_ACCENT_COLOR_NAME = AccentColor;
				CODE_SIGN_STYLE = Automatic;
				DEVELOPMENT_TEAM = 53M887FS75;
				ENABLE_PREVIEWS = YES;
				INFOPLIST_FILE = iOS/Info.plist;
				IPHONEOS_DEPLOYMENT_TARGET = 14.0;
				LD_RUNPATH_SEARCH_PATHS = (
					"$(inherited)",
					"@executable_path/Frameworks",
				);
				PRODUCT_BUNDLE_IDENTIFIER = com.adelsoft.TRTakeHome;
				PRODUCT_NAME = TRTakeHome;
				SDKROOT = iphoneos;
				SWIFT_VERSION = 5.0;
				TARGETED_DEVICE_FAMILY = "1,2";
			};
			name = Debug;
		};
		A5A331452692DFDD002F2D74 /* Release */ = {
			isa = XCBuildConfiguration;
			buildSettings = {
				ASSETCATALOG_COMPILER_APPICON_NAME = AppIcon;
				ASSETCATALOG_COMPILER_GLOBAL_ACCENT_COLOR_NAME = AccentColor;
				CODE_SIGN_STYLE = Automatic;
				DEVELOPMENT_TEAM = 53M887FS75;
				ENABLE_PREVIEWS = YES;
				INFOPLIST_FILE = iOS/Info.plist;
				IPHONEOS_DEPLOYMENT_TARGET = 14.0;
				LD_RUNPATH_SEARCH_PATHS = (
					"$(inherited)",
					"@executable_path/Frameworks",
				);
				PRODUCT_BUNDLE_IDENTIFIER = com.adelsoft.TRTakeHome;
				PRODUCT_NAME = TRTakeHome;
				SDKROOT = iphoneos;
				SWIFT_VERSION = 5.0;
				TARGETED_DEVICE_FAMILY = "1,2";
				VALIDATE_PRODUCT = YES;
			};
			name = Release;
		};
		A5A331472692DFDD002F2D74 /* Debug */ = {
			isa = XCBuildConfiguration;
			buildSettings = {
				ASSETCATALOG_COMPILER_APPICON_NAME = AppIcon;
				ASSETCATALOG_COMPILER_GLOBAL_ACCENT_COLOR_NAME = AccentColor;
				CODE_SIGN_ENTITLEMENTS = macOS/macOS.entitlements;
				CODE_SIGN_STYLE = Automatic;
				COMBINE_HIDPI_IMAGES = YES;
				DEVELOPMENT_TEAM = 53M887FS75;
				ENABLE_HARDENED_RUNTIME = YES;
				ENABLE_PREVIEWS = YES;
				INFOPLIST_FILE = macOS/Info.plist;
				LD_RUNPATH_SEARCH_PATHS = (
					"$(inherited)",
					"@executable_path/../Frameworks",
				);
				MACOSX_DEPLOYMENT_TARGET = 11.0;
				PRODUCT_BUNDLE_IDENTIFIER = com.adelsoft.TRTakeHome;
				PRODUCT_NAME = TRTakeHome;
				SDKROOT = macosx;
				SWIFT_VERSION = 5.0;
			};
			name = Debug;
		};
		A5A331482692DFDD002F2D74 /* Release */ = {
			isa = XCBuildConfiguration;
			buildSettings = {
				ASSETCATALOG_COMPILER_APPICON_NAME = AppIcon;
				ASSETCATALOG_COMPILER_GLOBAL_ACCENT_COLOR_NAME = AccentColor;
				CODE_SIGN_ENTITLEMENTS = macOS/macOS.entitlements;
				CODE_SIGN_STYLE = Automatic;
				COMBINE_HIDPI_IMAGES = YES;
				DEVELOPMENT_TEAM = 53M887FS75;
				ENABLE_HARDENED_RUNTIME = YES;
				ENABLE_PREVIEWS = YES;
				INFOPLIST_FILE = macOS/Info.plist;
				LD_RUNPATH_SEARCH_PATHS = (
					"$(inherited)",
					"@executable_path/../Frameworks",
				);
				MACOSX_DEPLOYMENT_TARGET = 11.0;
				PRODUCT_BUNDLE_IDENTIFIER = com.adelsoft.TRTakeHome;
				PRODUCT_NAME = TRTakeHome;
				SDKROOT = macosx;
				SWIFT_VERSION = 5.0;
			};
			name = Release;
		};
		A5A3314A2692DFDD002F2D74 /* Debug */ = {
			isa = XCBuildConfiguration;
			buildSettings = {
				ALWAYS_EMBED_SWIFT_STANDARD_LIBRARIES = YES;
				CODE_SIGN_STYLE = Automatic;
				DEVELOPMENT_TEAM = 53M887FS75;
				INFOPLIST_FILE = "Tests iOS/Info.plist";
				IPHONEOS_DEPLOYMENT_TARGET = 14.5;
				LD_RUNPATH_SEARCH_PATHS = (
					"$(inherited)",
					"@executable_path/Frameworks",
					"@loader_path/Frameworks",
				);
				PRODUCT_BUNDLE_IDENTIFIER = "com.adelsoft.Tests-iOS";
				PRODUCT_NAME = "$(TARGET_NAME)";
				SDKROOT = iphoneos;
				SWIFT_VERSION = 5.0;
				TARGETED_DEVICE_FAMILY = "1,2";
				TEST_TARGET_NAME = "TRTakeHome (iOS)";
			};
			name = Debug;
		};
		A5A3314B2692DFDD002F2D74 /* Release */ = {
			isa = XCBuildConfiguration;
			buildSettings = {
				ALWAYS_EMBED_SWIFT_STANDARD_LIBRARIES = YES;
				CODE_SIGN_STYLE = Automatic;
				DEVELOPMENT_TEAM = 53M887FS75;
				INFOPLIST_FILE = "Tests iOS/Info.plist";
				IPHONEOS_DEPLOYMENT_TARGET = 14.5;
				LD_RUNPATH_SEARCH_PATHS = (
					"$(inherited)",
					"@executable_path/Frameworks",
					"@loader_path/Frameworks",
				);
				PRODUCT_BUNDLE_IDENTIFIER = "com.adelsoft.Tests-iOS";
				PRODUCT_NAME = "$(TARGET_NAME)";
				SDKROOT = iphoneos;
				SWIFT_VERSION = 5.0;
				TARGETED_DEVICE_FAMILY = "1,2";
				TEST_TARGET_NAME = "TRTakeHome (iOS)";
				VALIDATE_PRODUCT = YES;
			};
			name = Release;
		};
		A5A3314D2692DFDD002F2D74 /* Debug */ = {
			isa = XCBuildConfiguration;
			buildSettings = {
				ALWAYS_EMBED_SWIFT_STANDARD_LIBRARIES = YES;
				CODE_SIGN_STYLE = Automatic;
				COMBINE_HIDPI_IMAGES = YES;
				DEVELOPMENT_TEAM = 53M887FS75;
				INFOPLIST_FILE = "Tests macOS/Info.plist";
				LD_RUNPATH_SEARCH_PATHS = (
					"$(inherited)",
					"@executable_path/../Frameworks",
					"@loader_path/../Frameworks",
				);
				MACOSX_DEPLOYMENT_TARGET = 11.3;
				PRODUCT_BUNDLE_IDENTIFIER = "com.adelsoft.Tests-macOS";
				PRODUCT_NAME = "$(TARGET_NAME)";
				SDKROOT = macosx;
				SWIFT_VERSION = 5.0;
				TEST_TARGET_NAME = "TRTakeHome (macOS)";
			};
			name = Debug;
		};
		A5A3314E2692DFDD002F2D74 /* Release */ = {
			isa = XCBuildConfiguration;
			buildSettings = {
				ALWAYS_EMBED_SWIFT_STANDARD_LIBRARIES = YES;
				CODE_SIGN_STYLE = Automatic;
				COMBINE_HIDPI_IMAGES = YES;
				DEVELOPMENT_TEAM = 53M887FS75;
				INFOPLIST_FILE = "Tests macOS/Info.plist";
				LD_RUNPATH_SEARCH_PATHS = (
					"$(inherited)",
					"@executable_path/../Frameworks",
					"@loader_path/../Frameworks",
				);
				MACOSX_DEPLOYMENT_TARGET = 11.3;
				PRODUCT_BUNDLE_IDENTIFIER = "com.adelsoft.Tests-macOS";
				PRODUCT_NAME = "$(TARGET_NAME)";
				SDKROOT = macosx;
				SWIFT_VERSION = 5.0;
				TEST_TARGET_NAME = "TRTakeHome (macOS)";
			};
			name = Release;
		};
/* End XCBuildConfiguration section */

/* Begin XCConfigurationList section */
		A5A331102692DFDA002F2D74 /* Build configuration list for PBXProject "TRTakeHome" */ = {
			isa = XCConfigurationList;
			buildConfigurations = (
				A5A331412692DFDD002F2D74 /* Debug */,
				A5A331422692DFDD002F2D74 /* Release */,
			);
			defaultConfigurationIsVisible = 0;
			defaultConfigurationName = Release;
		};
		A5A331432692DFDD002F2D74 /* Build configuration list for PBXNativeTarget "TRTakeHome (iOS)" */ = {
			isa = XCConfigurationList;
			buildConfigurations = (
				A5A331442692DFDD002F2D74 /* Debug */,
				A5A331452692DFDD002F2D74 /* Release */,
			);
			defaultConfigurationIsVisible = 0;
			defaultConfigurationName = Release;
		};
		A5A331462692DFDD002F2D74 /* Build configuration list for PBXNativeTarget "TRTakeHome (macOS)" */ = {
			isa = XCConfigurationList;
			buildConfigurations = (
				A5A331472692DFDD002F2D74 /* Debug */,
				A5A331482692DFDD002F2D74 /* Release */,
			);
			defaultConfigurationIsVisible = 0;
			defaultConfigurationName = Release;
		};
		A5A331492692DFDD002F2D74 /* Build configuration list for PBXNativeTarget "Tests iOS" */ = {
			isa = XCConfigurationList;
			buildConfigurations = (
				A5A3314A2692DFDD002F2D74 /* Debug */,
				A5A3314B2692DFDD002F2D74 /* Release */,
			);
			defaultConfigurationIsVisible = 0;
			defaultConfigurationName = Release;
		};
		A5A3314C2692DFDD002F2D74 /* Build configuration list for PBXNativeTarget "Tests macOS" */ = {
			isa = XCConfigurationList;
			buildConfigurations = (
				A5A3314D2692DFDD002F2D74 /* Debug */,
				A5A3314E2692DFDD002F2D74 /* Release */,
			);
			defaultConfigurationIsVisible = 0;
			defaultConfigurationName = Release;
		};
/* End XCConfigurationList section */
	};
	rootObject = A5A3310D2692DFDA002F2D74 /* Project object */;
}
